// !$*UTF8*$!
{
	archiveVersion = 1;
	classes = {
	};
	objectVersion = 50;
	objects = {

/* Begin PBXBuildFile section */
		7C9CF4E120F343FA00FE3794 /* MyTableViewController.swift in Sources */ = {isa = PBXBuildFile; fileRef = 7C9CF4E020F343FA00FE3794 /* MyTableViewController.swift */; };
		7C9CF4E320F3504D00FE3794 /* DetailViewController.swift in Sources */ = {isa = PBXBuildFile; fileRef = 7C9CF4E220F3504D00FE3794 /* DetailViewController.swift */; };
		7C9CF4E520F358EB00FE3794 /* User.swift in Sources */ = {isa = PBXBuildFile; fileRef = 7C9CF4E420F358EB00FE3794 /* User.swift */; };
		7C9CF53B20F4A09500FE3794 /* SettingsViewController.swift in Sources */ = {isa = PBXBuildFile; fileRef = 7C9CF53A20F4A09500FE3794 /* SettingsViewController.swift */; };
		7C9CF53D20F4CF8B00FE3794 /* CustomCell.swift in Sources */ = {isa = PBXBuildFile; fileRef = 7C9CF53C20F4CF8B00FE3794 /* CustomCell.swift */; };
		7CAFCDF220F5F32A00142939 /* DetailTableViewCell.swift in Sources */ = {isa = PBXBuildFile; fileRef = 7CAFCDF020F5F32A00142939 /* DetailTableViewCell.swift */; };
		7CAFCDF320F5F32A00142939 /* DetailTableViewCell.xib in Resources */ = {isa = PBXBuildFile; fileRef = 7CAFCDF120F5F32A00142939 /* DetailTableViewCell.xib */; };
		7CE4659A20EF7ACA00B8E26D /* AppDelegate.swift in Sources */ = {isa = PBXBuildFile; fileRef = 7CE4659920EF7ACA00B8E26D /* AppDelegate.swift */; };
		7CE4659C20EF7ACA00B8E26D /* ViewController.swift in Sources */ = {isa = PBXBuildFile; fileRef = 7CE4659B20EF7ACA00B8E26D /* ViewController.swift */; };
		7CE4659F20EF7ACA00B8E26D /* Main.storyboard in Resources */ = {isa = PBXBuildFile; fileRef = 7CE4659D20EF7ACA00B8E26D /* Main.storyboard */; };
		7CE465A120EF7ACB00B8E26D /* Assets.xcassets in Resources */ = {isa = PBXBuildFile; fileRef = 7CE465A020EF7ACB00B8E26D /* Assets.xcassets */; };
		7CE465A420EF7ACB00B8E26D /* LaunchScreen.storyboard in Resources */ = {isa = PBXBuildFile; fileRef = 7CE465A220EF7ACB00B8E26D /* LaunchScreen.storyboard */; };
/* End PBXBuildFile section */

/* Begin PBXFileReference section */
		7C9CF4E020F343FA00FE3794 /* MyTableViewController.swift */ = {isa = PBXFileReference; lastKnownFileType = sourcecode.swift; path = MyTableViewController.swift; sourceTree = "<group>"; };
		7C9CF4E220F3504D00FE3794 /* DetailViewController.swift */ = {isa = PBXFileReference; lastKnownFileType = sourcecode.swift; path = DetailViewController.swift; sourceTree = "<group>"; };
		7C9CF4E420F358EB00FE3794 /* User.swift */ = {isa = PBXFileReference; lastKnownFileType = sourcecode.swift; path = User.swift; sourceTree = "<group>"; };
		7C9CF53A20F4A09500FE3794 /* SettingsViewController.swift */ = {isa = PBXFileReference; lastKnownFileType = sourcecode.swift; path = SettingsViewController.swift; sourceTree = "<group>"; };
		7C9CF53C20F4CF8B00FE3794 /* CustomCell.swift */ = {isa = PBXFileReference; lastKnownFileType = sourcecode.swift; path = CustomCell.swift; sourceTree = "<group>"; };
		7CAFCDF020F5F32A00142939 /* DetailTableViewCell.swift */ = {isa = PBXFileReference; lastKnownFileType = sourcecode.swift; path = DetailTableViewCell.swift; sourceTree = "<group>"; };
		7CAFCDF120F5F32A00142939 /* DetailTableViewCell.xib */ = {isa = PBXFileReference; lastKnownFileType = file.xib; path = DetailTableViewCell.xib; sourceTree = "<group>"; };
		7CE4659620EF7ACA00B8E26D /* FirstProject.app */ = {isa = PBXFileReference; explicitFileType = wrapper.application; includeInIndex = 0; path = FirstProject.app; sourceTree = BUILT_PRODUCTS_DIR; };
		7CE4659920EF7ACA00B8E26D /* AppDelegate.swift */ = {isa = PBXFileReference; lastKnownFileType = sourcecode.swift; path = AppDelegate.swift; sourceTree = "<group>"; };
		7CE4659B20EF7ACA00B8E26D /* ViewController.swift */ = {isa = PBXFileReference; lastKnownFileType = sourcecode.swift; path = ViewController.swift; sourceTree = "<group>"; };
		7CE4659E20EF7ACA00B8E26D /* Base */ = {isa = PBXFileReference; lastKnownFileType = file.storyboard; name = Base; path = Base.lproj/Main.storyboard; sourceTree = "<group>"; };
		7CE465A020EF7ACB00B8E26D /* Assets.xcassets */ = {isa = PBXFileReference; lastKnownFileType = folder.assetcatalog; path = Assets.xcassets; sourceTree = "<group>"; };
		7CE465A320EF7ACB00B8E26D /* Base */ = {isa = PBXFileReference; lastKnownFileType = file.storyboard; name = Base; path = Base.lproj/LaunchScreen.storyboard; sourceTree = "<group>"; };
		7CE465A520EF7ACB00B8E26D /* Info.plist */ = {isa = PBXFileReference; lastKnownFileType = text.plist.xml; path = Info.plist; sourceTree = "<group>"; };
/* End PBXFileReference section */

/* Begin PBXFrameworksBuildPhase section */
		7CE4659320EF7ACA00B8E26D /* Frameworks */ = {
			isa = PBXFrameworksBuildPhase;
			buildActionMask = 2147483647;
			files = (
			);
			runOnlyForDeploymentPostprocessing = 0;
		};
/* End PBXFrameworksBuildPhase section */

/* Begin PBXGroup section */
		7CE4658D20EF7ACA00B8E26D = {
			isa = PBXGroup;
			children = (
				7CE4659820EF7ACA00B8E26D /* FirstProject */,
				7CE4659720EF7ACA00B8E26D /* Products */,
			);
			sourceTree = "<group>";
		};
		7CE4659720EF7ACA00B8E26D /* Products */ = {
			isa = PBXGroup;
			children = (
				7CE4659620EF7ACA00B8E26D /* FirstProject.app */,
			);
			name = Products;
			sourceTree = "<group>";
		};
		7CE4659820EF7ACA00B8E26D /* FirstProject */ = {
			isa = PBXGroup;
			children = (
				7CE4659920EF7ACA00B8E26D /* AppDelegate.swift */,
				7CE4659B20EF7ACA00B8E26D /* ViewController.swift */,
				7C9CF4E420F358EB00FE3794 /* User.swift */,
				7C9CF4E020F343FA00FE3794 /* MyTableViewController.swift */,
				7C9CF4E220F3504D00FE3794 /* DetailViewController.swift */,
				7CAFCDF020F5F32A00142939 /* DetailTableViewCell.swift */,
				7CAFCDF120F5F32A00142939 /* DetailTableViewCell.xib */,
				7C9CF53A20F4A09500FE3794 /* SettingsViewController.swift */,
				7CE4659D20EF7ACA00B8E26D /* Main.storyboard */,
				7CE465A020EF7ACB00B8E26D /* Assets.xcassets */,
				7CE465A220EF7ACB00B8E26D /* LaunchScreen.storyboard */,
				7CE465A520EF7ACB00B8E26D /* Info.plist */,
				7C9CF53C20F4CF8B00FE3794 /* CustomCell.swift */,
			);
			path = FirstProject;
			sourceTree = "<group>";
		};
/* End PBXGroup section */

/* Begin PBXNativeTarget section */
		7CE4659520EF7ACA00B8E26D /* FirstProject */ = {
			isa = PBXNativeTarget;
			buildConfigurationList = 7CE465A820EF7ACB00B8E26D /* Build configuration list for PBXNativeTarget "FirstProject" */;
			buildPhases = (
				7CE4659220EF7ACA00B8E26D /* Sources */,
				7CE4659320EF7ACA00B8E26D /* Frameworks */,
				7CE4659420EF7ACA00B8E26D /* Resources */,
			);
			buildRules = (
			);
			dependencies = (
			);
			name = FirstProject;
			productName = FirstProject;
			productReference = 7CE4659620EF7ACA00B8E26D /* FirstProject.app */;
			productType = "com.apple.product-type.application";
		};
/* End PBXNativeTarget section */

/* Begin PBXProject section */
		7CE4658E20EF7ACA00B8E26D /* Project object */ = {
			isa = PBXProject;
			attributes = {
				LastSwiftUpdateCheck = 0940;
				LastUpgradeCheck = 0940;
				ORGANIZATIONNAME = test;
				TargetAttributes = {
					7CE4659520EF7ACA00B8E26D = {
						CreatedOnToolsVersion = 9.4;
					};
				};
			};
			buildConfigurationList = 7CE4659120EF7ACA00B8E26D /* Build configuration list for PBXProject "FirstProject" */;
			compatibilityVersion = "Xcode 9.3";
			developmentRegion = en;
			hasScannedForEncodings = 0;
			knownRegions = (
				en,
				Base,
			);
			mainGroup = 7CE4658D20EF7ACA00B8E26D;
			productRefGroup = 7CE4659720EF7ACA00B8E26D /* Products */;
			projectDirPath = "";
			projectRoot = "";
			targets = (
				7CE4659520EF7ACA00B8E26D /* FirstProject */,
			);
		};
/* End PBXProject section */

/* Begin PBXResourcesBuildPhase section */
		7CE4659420EF7ACA00B8E26D /* Resources */ = {
			isa = PBXResourcesBuildPhase;
			buildActionMask = 2147483647;
			files = (
				7CE465A420EF7ACB00B8E26D /* LaunchScreen.storyboard in Resources */,
				7CE465A120EF7ACB00B8E26D /* Assets.xcassets in Resources */,
				7CAFCDF320F5F32A00142939 /* DetailTableViewCell.xib in Resources */,
				7CE4659F20EF7ACA00B8E26D /* Main.storyboard in Resources */,
			);
			runOnlyForDeploymentPostprocessing = 0;
		};
/* End PBXResourcesBuildPhase section */

/* Begin PBXSourcesBuildPhase section */
		7CE4659220EF7ACA00B8E26D /* Sources */ = {
			isa = PBXSourcesBuildPhase;
			buildActionMask = 2147483647;
			files = (
				7CE4659C20EF7ACA00B8E26D /* ViewController.swift in Sources */,
				7C9CF4E120F343FA00FE3794 /* MyTableViewController.swift in Sources */,
				7CAFCDF220F5F32A00142939 /* DetailTableViewCell.swift in Sources */,
				7CE4659A20EF7ACA00B8E26D /* AppDelegate.swift in Sources */,
				7C9CF4E520F358EB00FE3794 /* User.swift in Sources */,
				7C9CF4E320F3504D00FE3794 /* DetailViewController.swift in Sources */,
				7C9CF53D20F4CF8B00FE3794 /* CustomCell.swift in Sources */,
				7C9CF53B20F4A09500FE3794 /* SettingsViewController.swift in Sources */,
			);
			runOnlyForDeploymentPostprocessing = 0;
		};
/* End PBXSourcesBuildPhase section */

/* Begin PBXVariantGroup section */
		7CE4659D20EF7ACA00B8E26D /* Main.storyboard */ = {
			isa = PBXVariantGroup;
			children = (
				7CE4659E20EF7ACA00B8E26D /* Base */,
			);
			name = Main.storyboard;
			sourceTree = "<group>";
		};
		7CE465A220EF7ACB00B8E26D /* LaunchScreen.storyboard */ = {
			isa = PBXVariantGroup;
			children = (
				7CE465A320EF7ACB00B8E26D /* Base */,
			);
			name = LaunchScreen.storyboard;
			sourceTree = "<group>";
		};
/* End PBXVariantGroup section */

/* Begin XCBuildConfiguration section */
		7CE465A620EF7ACB00B8E26D /* Debug */ = {
			isa = XCBuildConfiguration;
			buildSettings = {
				ALWAYS_SEARCH_USER_PATHS = NO;
				CLANG_ANALYZER_NONNULL = YES;
				CLANG_ANALYZER_NUMBER_OBJECT_CONVERSION = YES_AGGRESSIVE;
				CLANG_CXX_LANGUAGE_STANDARD = "gnu++14";
				CLANG_CXX_LIBRARY = "libc++";
				CLANG_ENABLE_MODULES = YES;
				CLANG_ENABLE_OBJC_ARC = YES;
				CLANG_ENABLE_OBJC_WEAK = YES;
				CLANG_WARN_BLOCK_CAPTURE_AUTORELEASING = YES;
				CLANG_WARN_BOOL_CONVERSION = YES;
				CLANG_WARN_COMMA = YES;
				CLANG_WARN_CONSTANT_CONVERSION = YES;
				CLANG_WARN_DEPRECATED_OBJC_IMPLEMENTATIONS = YES;
				CLANG_WARN_DIRECT_OBJC_ISA_USAGE = YES_ERROR;
				CLANG_WARN_DOCUMENTATION_COMMENTS = YES;
				CLANG_WARN_EMPTY_BODY = YES;
				CLANG_WARN_ENUM_CONVERSION = YES;
				CLANG_WARN_INFINITE_RECURSION = YES;
				CLANG_WARN_INT_CONVERSION = YES;
				CLANG_WARN_NON_LITERAL_NULL_CONVERSION = YES;
				CLANG_WARN_OBJC_IMPLICIT_RETAIN_SELF = YES;
				CLANG_WARN_OBJC_LITERAL_CONVERSION = YES;
				CLANG_WARN_OBJC_ROOT_CLASS = YES_ERROR;
				CLANG_WARN_RANGE_LOOP_ANALYSIS = YES;
				CLANG_WARN_STRICT_PROTOTYPES = YES;
				CLANG_WARN_SUSPICIOUS_MOVE = YES;
				CLANG_WARN_UNGUARDED_AVAILABILITY = YES_AGGRESSIVE;
				CLANG_WARN_UNREACHABLE_CODE = YES;
				CLANG_WARN__DUPLICATE_METHOD_MATCH = YES;
				CODE_SIGN_IDENTITY = "iPhone Developer";
				COPY_PHASE_STRIP = NO;
				DEBUG_INFORMATION_FORMAT = dwarf;
				ENABLE_STRICT_OBJC_MSGSEND = YES;
				ENABLE_TESTABILITY = YES;
				GCC_C_LANGUAGE_STANDARD = gnu11;
				GCC_DYNAMIC_NO_PIC = NO;
				GCC_NO_COMMON_BLOCKS = YES;
				GCC_OPTIMIZATION_LEVEL = 0;
				GCC_PREPROCESSOR_DEFINITIONS = (
					"DEBUG=1",
					"$(inherited)",
				);
				GCC_WARN_64_TO_32_BIT_CONVERSION = YES;
				GCC_WARN_ABOUT_RETURN_TYPE = YES_ERROR;
				GCC_WARN_UNDECLARED_SELECTOR = YES;
				GCC_WARN_UNINITIALIZED_AUTOS = YES_AGGRESSIVE;
				GCC_WARN_UNUSED_FUNCTION = YES;
				GCC_WARN_UNUSED_VARIABLE = YES;
				IPHONEOS_DEPLOYMENT_TARGET = 11.4;
				MTL_ENABLE_DEBUG_INFO = YES;
				ONLY_ACTIVE_ARCH = YES;
				SDKROOT = iphoneos;
				SWIFT_ACTIVE_COMPILATION_CONDITIONS = DEBUG;
				SWIFT_OPTIMIZATION_LEVEL = "-Onone";
			};
			name = Debug;
		};
		7CE465A720EF7ACB00B8E26D /* Release */ = {
			isa = XCBuildConfiguration;
			buildSettings = {
				ALWAYS_SEARCH_USER_PATHS = NO;
				CLANG_ANALYZER_NONNULL = YES;
				CLANG_ANALYZER_NUMBER_OBJECT_CONVERSION = YES_AGGRESSIVE;
				CLANG_CXX_LANGUAGE_STANDARD = "gnu++14";
				CLANG_CXX_LIBRARY = "libc++";
				CLANG_ENABLE_MODULES = YES;
				CLANG_ENABLE_OBJC_ARC = YES;
				CLANG_ENABLE_OBJC_WEAK = YES;
				CLANG_WARN_BLOCK_CAPTURE_AUTORELEASING = YES;
				CLANG_WARN_BOOL_CONVERSION = YES;
				CLANG_WARN_COMMA = YES;
				CLANG_WARN_CONSTANT_CONVERSION = YES;
				CLANG_WARN_DEPRECATED_OBJC_IMPLEMENTATIONS = YES;
				CLANG_WARN_DIRECT_OBJC_ISA_USAGE = YES_ERROR;
				CLANG_WARN_DOCUMENTATION_COMMENTS = YES;
				CLANG_WARN_EMPTY_BODY = YES;
				CLANG_WARN_ENUM_CONVERSION = YES;
				CLANG_WARN_INFINITE_RECURSION = YES;
				CLANG_WARN_INT_CONVERSION = YES;
				CLANG_WARN_NON_LITERAL_NULL_CONVERSION = YES;
				CLANG_WARN_OBJC_IMPLICIT_RETAIN_SELF = YES;
				CLANG_WARN_OBJC_LITERAL_CONVERSION = YES;
				CLANG_WARN_OBJC_ROOT_CLASS = YES_ERROR;
				CLANG_WARN_RANGE_LOOP_ANALYSIS = YES;
				CLANG_WARN_STRICT_PROTOTYPES = YES;
				CLANG_WARN_SUSPICIOUS_MOVE = YES;
				CLANG_WARN_UNGUARDED_AVAILABILITY = YES_AGGRESSIVE;
				CLANG_WARN_UNREACHABLE_CODE = YES;
				CLANG_WARN__DUPLICATE_METHOD_MATCH = YES;
				CODE_SIGN_IDENTITY = "iPhone Developer";
				COPY_PHASE_STRIP = NO;
				DEBUG_INFORMATION_FORMAT = "dwarf-with-dsym";
				ENABLE_NS_ASSERTIONS = NO;
				ENABLE_STRICT_OBJC_MSGSEND = YES;
				GCC_C_LANGUAGE_STANDARD = gnu11;
				GCC_NO_COMMON_BLOCKS = YES;
				GCC_WARN_64_TO_32_BIT_CONVERSION = YES;
				GCC_WARN_ABOUT_RETURN_TYPE = YES_ERROR;
				GCC_WARN_UNDECLARED_SELECTOR = YES;
				GCC_WARN_UNINITIALIZED_AUTOS = YES_AGGRESSIVE;
				GCC_WARN_UNUSED_FUNCTION = YES;
				GCC_WARN_UNUSED_VARIABLE = YES;
				IPHONEOS_DEPLOYMENT_TARGET = 11.4;
				MTL_ENABLE_DEBUG_INFO = NO;
				SDKROOT = iphoneos;
				SWIFT_COMPILATION_MODE = wholemodule;
				SWIFT_OPTIMIZATION_LEVEL = "-O";
				VALIDATE_PRODUCT = YES;
			};
			name = Release;
		};
		7CE465A920EF7ACB00B8E26D /* Debug */ = {
			isa = XCBuildConfiguration;
			buildSettings = {
				ASSETCATALOG_COMPILER_APPICON_NAME = AppIcon;
				CODE_SIGN_STYLE = Automatic;
				INFOPLIST_FILE = FirstProject/Info.plist;
				LD_RUNPATH_SEARCH_PATHS = (
					"$(inherited)",
					"@executable_path/Frameworks",
				);
				PRODUCT_BUNDLE_IDENTIFIER = test.FirstProject;
				PRODUCT_NAME = "$(TARGET_NAME)";
				SWIFT_VERSION = 4.0;
				TARGETED_DEVICE_FAMILY = 1;
			};
			name = Debug;
		};
		7CE465AA20EF7ACB00B8E26D /* Release */ = {
			isa = XCBuildConfiguration;
			buildSettings = {
				ASSETCATALOG_COMPILER_APPICON_NAME = AppIcon;
				CODE_SIGN_STYLE = Automatic;
				INFOPLIST_FILE = FirstProject/Info.plist;
				LD_RUNPATH_SEARCH_PATHS = (
					"$(inherited)",
					"@executable_path/Frameworks",
				);
				PRODUCT_BUNDLE_IDENTIFIER = test.FirstProject;
				PRODUCT_NAME = "$(TARGET_NAME)";
				SWIFT_VERSION = 4.0;
				TARGETED_DEVICE_FAMILY = 1;
			};
			name = Release;
		};
/* End XCBuildConfiguration section */

/* Begin XCConfigurationList section */
		7CE4659120EF7ACA00B8E26D /* Build configuration list for PBXProject "FirstProject" */ = {
			isa = XCConfigurationList;
			buildConfigurations = (
				7CE465A620EF7ACB00B8E26D /* Debug */,
				7CE465A720EF7ACB00B8E26D /* Release */,
			);
			defaultConfigurationIsVisible = 0;
			defaultConfigurationName = Release;
		};
		7CE465A820EF7ACB00B8E26D /* Build configuration list for PBXNativeTarget "FirstProject" */ = {
			isa = XCConfigurationList;
			buildConfigurations = (
				7CE465A920EF7ACB00B8E26D /* Debug */,
				7CE465AA20EF7ACB00B8E26D /* Release */,
			);
			defaultConfigurationIsVisible = 0;
			defaultConfigurationName = Release;
		};
/* End XCConfigurationList section */
	};
	rootObject = 7CE4658E20EF7ACA00B8E26D /* Project object */;
}
